
Microsoft Visual Studio Solution File, Format Version 12.00
# Visual Studio Version 17
VisualStudioVersion = 17.4.33403.182
MinimumVisualStudioVersion = 10.0.40219.1
Project("{FAE04EC0-301F-11D3-BF4B-00C04F79EFBC}") = "22022023", "22022023\22022023.csproj", "{42CDC840-9694-4C02-B796-5E9EC3BA8521}"
EndProject
Global
	GlobalSection(SolutionConfigurationPlatforms) = preSolution
		Debug|Any CPU = Debug|Any CPU
		Release|Any CPU = Release|Any CPU
	EndGlobalSection
	GlobalSection(ProjectConfigurationPlatforms) = postSolution
		{42CDC840-9694-4C02-B796-5E9EC3BA8521}.Debug|Any CPU.ActiveCfg = Debug|Any CPU
		{42CDC840-9694-4C02-B796-5E9EC3BA8521}.Debug|Any CPU.Build.0 = Debug|Any CPU
		{42CDC840-9694-4C02-B796-5E9EC3BA8521}.Release|Any CPU.ActiveCfg = Release|Any CPU
		{42CDC840-9694-4C02-B796-5E9EC3BA8521}.Release|Any CPU.Build.0 = Release|Any CPU
	EndGlobalSection
	GlobalSection(SolutionProperties) = preSolution
		HideSolutionNode = FALSE
	EndGlobalSection
	GlobalSection(ExtensibilityGlobals) = postSolution
		SolutionGuid = {7CF13E7E-1DE1-4D96-9200-409684F292F8}
	EndGlobalSection
EndGlobal
